# This file is automatically @generated by Cargo.
# It is not intended for manual editing.
version = 4

[[package]]
name = "glam"
version = "0.30.1"
source = "registry+https://github.com/rust-lang/crates.io-index"
checksum = "bf3aa70d918d2b234126ff4f850f628f172542bf0603ded26b8ee36e5e22d5f9"

[[package]]
name = "once_cell"
version = "1.21.3"
source = "registry+https://github.com/rust-lang/crates.io-index"
checksum = "42f5e15c9953c5e4ccceeb2e7382a716482c34515315f7b03532b8b4e8393d2d"

[[package]]
name = "paste"
version = "1.0.15"
source = "registry+https://github.com/rust-lang/crates.io-index"
checksum = "57c0d7b74b563b49d38dae00a0c37d4d6de9b432382b2892f0574ddcae73fd0a"

[[package]]
name = "turing-api"
version = "0.0.4"
dependencies = [
 "glam",
 "once_cell",
 "paste",
]
